
Microsoft Visual Studio Solution File, Format Version 12.00
# Visual Studio 15
VisualStudioVersion = 15.0.27004.2008
MinimumVisualStudioVersion = 10.0.40219.1
Project("{FAE04EC0-301F-11D3-BF4B-00C04F79EFBC}") = "DiskUsageViewer", "DiskUsageViewer\DiskUsageViewer.csproj", "{6BF269D0-004E-41D9-9ED8-E1662FA025CB}"
EndProject
Project("{2150E333-8FDC-42A3-9474-1A3956D46DE8}") = "ext", "ext", "{946A3224-14D5-4182-8EB0-5D7A83100B29}"
EndProject
Project("{2150E333-8FDC-42A3-9474-1A3956D46DE8}") = "MultiColumnTree", "MultiColumnTree", "{4E48BCEC-AD22-422B-92A9-CF49083BC963}"
EndProject
Project("{F184B08F-C81C-45F6-A57F-5ABD9991F28F}") = "Control", "ext\MultiColumnTree\Control\Control.vbproj", "{DB9B5181-1528-4647-ACE7-AC31F16BBCFA}"
EndProject
Project("{F184B08F-C81C-45F6-A57F-5ABD9991F28F}") = "Renderer", "ext\MultiColumnTree\Renderer\Renderer.vbproj", "{C92CCA54-E306-4128-905E-2F40D3EDAD7E}"
EndProject
Project("{F184B08F-C81C-45F6-A57F-5ABD9991F28F}") = "Test", "ext\MultiColumnTree\Test\Test.vbproj", "{AC7BAFD6-EDFE-45A4-88EA-2657829A57D6}"
EndProject
Global
	GlobalSection(SolutionConfigurationPlatforms) = preSolution
		Debug|Any CPU = Debug|Any CPU
		Release|Any CPU = Release|Any CPU
	EndGlobalSection
	GlobalSection(ProjectConfigurationPlatforms) = postSolution
		{6BF269D0-004E-41D9-9ED8-E1662FA025CB}.Debug|Any CPU.ActiveCfg = Debug|Any CPU
		{6BF269D0-004E-41D9-9ED8-E1662FA025CB}.Debug|Any CPU.Build.0 = Debug|Any CPU
		{6BF269D0-004E-41D9-9ED8-E1662FA025CB}.Release|Any CPU.ActiveCfg = Release|Any CPU
		{6BF269D0-004E-41D9-9ED8-E1662FA025CB}.Release|Any CPU.Build.0 = Release|Any CPU
		{DB9B5181-1528-4647-ACE7-AC31F16BBCFA}.Debug|Any CPU.ActiveCfg = Debug|Any CPU
		{DB9B5181-1528-4647-ACE7-AC31F16BBCFA}.Debug|Any CPU.Build.0 = Debug|Any CPU
		{DB9B5181-1528-4647-ACE7-AC31F16BBCFA}.Release|Any CPU.ActiveCfg = Release|Any CPU
		{DB9B5181-1528-4647-ACE7-AC31F16BBCFA}.Release|Any CPU.Build.0 = Release|Any CPU
		{C92CCA54-E306-4128-905E-2F40D3EDAD7E}.Debug|Any CPU.ActiveCfg = Debug|Any CPU
		{C92CCA54-E306-4128-905E-2F40D3EDAD7E}.Debug|Any CPU.Build.0 = Debug|Any CPU
		{C92CCA54-E306-4128-905E-2F40D3EDAD7E}.Release|Any CPU.ActiveCfg = Release|Any CPU
		{C92CCA54-E306-4128-905E-2F40D3EDAD7E}.Release|Any CPU.Build.0 = Release|Any CPU
		{AC7BAFD6-EDFE-45A4-88EA-2657829A57D6}.Debug|Any CPU.ActiveCfg = Debug|Any CPU
		{AC7BAFD6-EDFE-45A4-88EA-2657829A57D6}.Debug|Any CPU.Build.0 = Debug|Any CPU
		{AC7BAFD6-EDFE-45A4-88EA-2657829A57D6}.Release|Any CPU.ActiveCfg = Release|Any CPU
		{AC7BAFD6-EDFE-45A4-88EA-2657829A57D6}.Release|Any CPU.Build.0 = Release|Any CPU
	EndGlobalSection
	GlobalSection(SolutionProperties) = preSolution
		HideSolutionNode = FALSE
	EndGlobalSection
	GlobalSection(NestedProjects) = preSolution
		{4E48BCEC-AD22-422B-92A9-CF49083BC963} = {946A3224-14D5-4182-8EB0-5D7A83100B29}
		{DB9B5181-1528-4647-ACE7-AC31F16BBCFA} = {4E48BCEC-AD22-422B-92A9-CF49083BC963}
		{C92CCA54-E306-4128-905E-2F40D3EDAD7E} = {4E48BCEC-AD22-422B-92A9-CF49083BC963}
		{AC7BAFD6-EDFE-45A4-88EA-2657829A57D6} = {4E48BCEC-AD22-422B-92A9-CF49083BC963}
	EndGlobalSection
	GlobalSection(ExtensibilityGlobals) = postSolution
		SolutionGuid = {18053359-54B1-4348-BEBF-22BF9934C44F}
	EndGlobalSection
EndGlobal
